
Microsoft Visual Studio Solution File, Format Version 12.00
# Visual Studio Version 17
VisualStudioVersion = 17.0.32112.339
MinimumVisualStudioVersion = 10.0.40219.1
Project("{9A19103F-16F7-4668-BE54-9A1E7A4F7556}") = "WordGameApp", "WordGameApp.csproj", "{42A5C2C8-C460-4DF1-8971-246EA253360C}"
EndProject
Project("{9A19103F-16F7-4668-BE54-9A1E7A4F7556}") = "GameAppLibrary", "..\GameAppLibrary\GameAppLibrary.csproj", "{206B40E4-A33A-4E54-9372-1BC49B21399C}"
EndProject
Project("{9A19103F-16F7-4668-BE54-9A1E7A4F7556}") = "GameAppDALLibrary", "..\GameAppDALLibrary\GameAppDALLibrary.csproj", "{341B7155-EB52-4B6F-84B0-CB7F727947D2}"
EndProject
Project("{9A19103F-16F7-4668-BE54-9A1E7A4F7556}") = "GameAppBLLibrary", "..\GameAppBLLibrary\GameAppBLLibrary.csproj", "{27C41D01-0F69-4745-9039-81563484A77D}"
EndProject
Project("{9A19103F-16F7-4668-BE54-9A1E7A4F7556}") = "GameAppBLTests", "..\UserBLTests\GameAppBLTests.csproj", "{30B164D4-7CE3-40C5-9A96-50ACDD18F2C5}"
EndProject
Global
	GlobalSection(SolutionConfigurationPlatforms) = preSolution
		Debug|Any CPU = Debug|Any CPU
		Release|Any CPU = Release|Any CPU
	EndGlobalSection
	GlobalSection(ProjectConfigurationPlatforms) = postSolution
		{42A5C2C8-C460-4DF1-8971-246EA253360C}.Debug|Any CPU.ActiveCfg = Debug|Any CPU
		{42A5C2C8-C460-4DF1-8971-246EA253360C}.Debug|Any CPU.Build.0 = Debug|Any CPU
		{42A5C2C8-C460-4DF1-8971-246EA253360C}.Release|Any CPU.ActiveCfg = Release|Any CPU
		{42A5C2C8-C460-4DF1-8971-246EA253360C}.Release|Any CPU.Build.0 = Release|Any CPU
		{206B40E4-A33A-4E54-9372-1BC49B21399C}.Debug|Any CPU.ActiveCfg = Debug|Any CPU
		{206B40E4-A33A-4E54-9372-1BC49B21399C}.Debug|Any CPU.Build.0 = Debug|Any CPU
		{206B40E4-A33A-4E54-9372-1BC49B21399C}.Release|Any CPU.ActiveCfg = Release|Any CPU
		{206B40E4-A33A-4E54-9372-1BC49B21399C}.Release|Any CPU.Build.0 = Release|Any CPU
		{341B7155-EB52-4B6F-84B0-CB7F727947D2}.Debug|Any CPU.ActiveCfg = Debug|Any CPU
		{341B7155-EB52-4B6F-84B0-CB7F727947D2}.Debug|Any CPU.Build.0 = Debug|Any CPU
		{341B7155-EB52-4B6F-84B0-CB7F727947D2}.Release|Any CPU.ActiveCfg = Release|Any CPU
		{341B7155-EB52-4B6F-84B0-CB7F727947D2}.Release|Any CPU.Build.0 = Release|Any CPU
		{27C41D01-0F69-4745-9039-81563484A77D}.Debug|Any CPU.ActiveCfg = Debug|Any CPU
		{27C41D01-0F69-4745-9039-81563484A77D}.Debug|Any CPU.Build.0 = Debug|Any CPU
		{27C41D01-0F69-4745-9039-81563484A77D}.Release|Any CPU.ActiveCfg = Release|Any CPU
		{27C41D01-0F69-4745-9039-81563484A77D}.Release|Any CPU.Build.0 = Release|Any CPU
		{30B164D4-7CE3-40C5-9A96-50ACDD18F2C5}.Debug|Any CPU.ActiveCfg = Debug|Any CPU
		{30B164D4-7CE3-40C5-9A96-50ACDD18F2C5}.Debug|Any CPU.Build.0 = Debug|Any CPU
		{30B164D4-7CE3-40C5-9A96-50ACDD18F2C5}.Release|Any CPU.ActiveCfg = Release|Any CPU
		{30B164D4-7CE3-40C5-9A96-50ACDD18F2C5}.Release|Any CPU.Build.0 = Release|Any CPU
	EndGlobalSection
	GlobalSection(SolutionProperties) = preSolution
		HideSolutionNode = FALSE
	EndGlobalSection
	GlobalSection(ExtensibilityGlobals) = postSolution
		SolutionGuid = {848F6604-6C7F-47CA-9E6C-FC15EE9EC8B0}
	EndGlobalSection
EndGlobal
